
Microsoft Visual Studio Solution File, Format Version 12.00
# Visual Studio Version 16
VisualStudioVersion = 16.0.30524.135
MinimumVisualStudioVersion = 10.0.40219.1
Project("{9A19103F-16F7-4668-BE54-9A1E7A4F7556}") = "ParamReviews", "ParamReviews\ParamReviews.csproj", "{EFB6EA60-89CC-47A7-81C4-9DC7541072D1}"
EndProject
Global
	GlobalSection(SolutionConfigurationPlatforms) = preSolution
		Debug|Any CPU = Debug|Any CPU
		Release|Any CPU = Release|Any CPU
	EndGlobalSection
	GlobalSection(ProjectConfigurationPlatforms) = postSolution
		{EFB6EA60-89CC-47A7-81C4-9DC7541072D1}.Debug|Any CPU.ActiveCfg = Debug|Any CPU
		{EFB6EA60-89CC-47A7-81C4-9DC7541072D1}.Debug|Any CPU.Build.0 = Debug|Any CPU
		{EFB6EA60-89CC-47A7-81C4-9DC7541072D1}.Release|Any CPU.ActiveCfg = Release|Any CPU
		{EFB6EA60-89CC-47A7-81C4-9DC7541072D1}.Release|Any CPU.Build.0 = Release|Any CPU
	EndGlobalSection
	GlobalSection(SolutionProperties) = preSolution
		HideSolutionNode = FALSE
	EndGlobalSection
	GlobalSection(ExtensibilityGlobals) = postSolution
		SolutionGuid = {FA8AFECD-B2DC-41F7-8A98-2DCE54798242}
	EndGlobalSection
EndGlobal
